
Microsoft Visual Studio Solution File, Format Version 12.00
# Visual Studio Version 17
VisualStudioVersion = 17.8.34511.84
MinimumVisualStudioVersion = 10.0.40219.1
Project("{9A19103F-16F7-4668-BE54-9A1E7A4F7556}") = "MudBlazorServerCRUD", "MudBlazorServerCRUD\MudBlazorServerCRUD.csproj", "{1B480C92-FA93-487B-BBD1-69E422039916}"
EndProject
Global
	GlobalSection(SolutionConfigurationPlatforms) = preSolution
		Debug|Any CPU = Debug|Any CPU
		Release|Any CPU = Release|Any CPU
	EndGlobalSection
	GlobalSection(ProjectConfigurationPlatforms) = postSolution
		{1B480C92-FA93-487B-BBD1-69E422039916}.Debug|Any CPU.ActiveCfg = Debug|Any CPU
		{1B480C92-FA93-487B-BBD1-69E422039916}.Debug|Any CPU.Build.0 = Debug|Any CPU
		{1B480C92-FA93-487B-BBD1-69E422039916}.Release|Any CPU.ActiveCfg = Release|Any CPU
		{1B480C92-FA93-487B-BBD1-69E422039916}.Release|Any CPU.Build.0 = Release|Any CPU
	EndGlobalSection
	GlobalSection(SolutionProperties) = preSolution
		HideSolutionNode = FALSE
	EndGlobalSection
	GlobalSection(ExtensibilityGlobals) = postSolution
		SolutionGuid = {06B94589-A37D-45D3-9810-C4467C1FB6AB}
	EndGlobalSection
EndGlobal
